
Microsoft Visual Studio Solution File, Format Version 12.00
# Visual Studio Version 17
VisualStudioVersion = 17.0.32014.148
MinimumVisualStudioVersion = 10.0.40219.1
Project("{9A19103F-16F7-4668-BE54-9A1E7A4F7556}") = "IMF", "IMS\IMF.csproj", "{7D9D16A0-545D-4BB1-9B57-0AADF0495A60}"
EndProject
Project("{9A19103F-16F7-4668-BE54-9A1E7A4F7556}") = "IMFTests", "IMFTests\IMFTests.csproj", "{FF45C04D-3D01-4446-8EA2-51856461458C}"
EndProject
Project("{FAE04EC0-301F-11D3-BF4B-00C04F79EFBC}") = "IMFClient", "IMFClient\IMFClient.csproj", "{A7CB2EFF-AA0B-4BE6-981E-BA362A75887F}"
EndProject
Global
	GlobalSection(SolutionConfigurationPlatforms) = preSolution
		Debug|Any CPU = Debug|Any CPU
		Release|Any CPU = Release|Any CPU
	EndGlobalSection
	GlobalSection(ProjectConfigurationPlatforms) = postSolution
		{7D9D16A0-545D-4BB1-9B57-0AADF0495A60}.Debug|Any CPU.ActiveCfg = Debug|Any CPU
		{7D9D16A0-545D-4BB1-9B57-0AADF0495A60}.Debug|Any CPU.Build.0 = Debug|Any CPU
		{7D9D16A0-545D-4BB1-9B57-0AADF0495A60}.Release|Any CPU.ActiveCfg = Release|Any CPU
		{7D9D16A0-545D-4BB1-9B57-0AADF0495A60}.Release|Any CPU.Build.0 = Release|Any CPU
		{FF45C04D-3D01-4446-8EA2-51856461458C}.Debug|Any CPU.ActiveCfg = Debug|Any CPU
		{FF45C04D-3D01-4446-8EA2-51856461458C}.Debug|Any CPU.Build.0 = Debug|Any CPU
		{FF45C04D-3D01-4446-8EA2-51856461458C}.Release|Any CPU.ActiveCfg = Release|Any CPU
		{FF45C04D-3D01-4446-8EA2-51856461458C}.Release|Any CPU.Build.0 = Release|Any CPU
		{A7CB2EFF-AA0B-4BE6-981E-BA362A75887F}.Debug|Any CPU.ActiveCfg = Debug|Any CPU
		{A7CB2EFF-AA0B-4BE6-981E-BA362A75887F}.Debug|Any CPU.Build.0 = Debug|Any CPU
		{A7CB2EFF-AA0B-4BE6-981E-BA362A75887F}.Release|Any CPU.ActiveCfg = Release|Any CPU
		{A7CB2EFF-AA0B-4BE6-981E-BA362A75887F}.Release|Any CPU.Build.0 = Release|Any CPU
	EndGlobalSection
	GlobalSection(SolutionProperties) = preSolution
		HideSolutionNode = FALSE
	EndGlobalSection
	GlobalSection(ExtensibilityGlobals) = postSolution
		SolutionGuid = {5542270F-0AB6-45AC-AA00-67B08A28DB5F}
	EndGlobalSection
EndGlobal
